// !$*UTF8*$!
{
	archiveVersion = 1;
	classes = {
	};
	objectVersion = 60;
	objects = {

/* Begin PBXBuildFile section */
		6D2D86852CEDCCF80066D99B /* DemoMacro in Frameworks */ = {isa = PBXBuildFile; productRef = 6D2D86842CEDCCF80066D99B /* DemoMacro */; };
		6D9D31AB2CA169A800E4D987 /* ColorPickerDemoController.swift in Sources */ = {isa = PBXBuildFile; fileRef = 6D9D316C2CA169A700E4D987 /* ColorPickerDemoController.swift */; };
		6D9D31AC2CA169A800E4D987 /* CoachmarkDemoController.swift in Sources */ = {isa = PBXBuildFile; fileRef = 6D9D316D2CA169A700E4D987 /* CoachmarkDemoController.swift */; };
		6D9D31AD2CA169A800E4D987 /* PopoverDemoController.swift in Sources */ = {isa = PBXBuildFile; fileRef = 6D9D316E2CA169A700E4D987 /* PopoverDemoController.swift */; };
		6D9D31AE2CA169A800E4D987 /* DropdownMenuDemoController.swift in Sources */ = {isa = PBXBuildFile; fileRef = 6D9D316F2CA169A700E4D987 /* DropdownMenuDemoController.swift */; };
		6D9D31AF2CA169A800E4D987 /* SteppedProgressDemoController.swift in Sources */ = {isa = PBXBuildFile; fileRef = 6D9D31702CA169A700E4D987 /* SteppedProgressDemoController.swift */; };
		6D9D31B02CA169A800E4D987 /* AvatarDemoController.swift in Sources */ = {isa = PBXBuildFile; fileRef = 6D9D31712CA169A700E4D987 /* AvatarDemoController.swift */; };
		6D9D31B12CA169A800E4D987 /* MediaDemoController.swift in Sources */ = {isa = PBXBuildFile; fileRef = 6D9D31722CA169A700E4D987 /* MediaDemoController.swift */; };
		6D9D31B22CA169A800E4D987 /* ButtonDemoController.swift in Sources */ = {isa = PBXBuildFile; fileRef = 6D9D31732CA169A700E4D987 /* ButtonDemoController.swift */; };
		6D9D31B32CA169A800E4D987 /* PopupDemoController.swift in Sources */ = {isa = PBXBuildFile; fileRef = 6D9D31742CA169A700E4D987 /* PopupDemoController.swift */; };
		6D9D31B42CA169A800E4D987 /* TripleImageDemoController.swift in Sources */ = {isa = PBXBuildFile; fileRef = 6D9D31752CA169A700E4D987 /* TripleImageDemoController.swift */; };
		6D9D31B52CA169A800E4D987 /* ConfirmationDialogDemoController.swift in Sources */ = {isa = PBXBuildFile; fileRef = 6D9D31762CA169A700E4D987 /* ConfirmationDialogDemoController.swift */; };
		6D9D31B62CA169A800E4D987 /* ActionSheetDemoController.swift in Sources */ = {isa = PBXBuildFile; fileRef = 6D9D31772CA169A700E4D987 /* ActionSheetDemoController.swift */; };
		6D9D31B72CA169A800E4D987 /* OptionMenuDemoController.swift in Sources */ = {isa = PBXBuildFile; fileRef = 6D9D31782CA169A700E4D987 /* OptionMenuDemoController.swift */; };
		6D9D31B82CA169A800E4D987 /* MessageInputBarDemoController.swift in Sources */ = {isa = PBXBuildFile; fileRef = 6D9D31792CA169A700E4D987 /* MessageInputBarDemoController.swift */; };
		6D9D31B92CA169A800E4D987 /* HUDDemoController.swift in Sources */ = {isa = PBXBuildFile; fileRef = 6D9D317A2CA169A700E4D987 /* HUDDemoController.swift */; };
		6D9D31BA2CA169A800E4D987 /* CodeFieldDemoController.swift in Sources */ = {isa = PBXBuildFile; fileRef = 6D9D317B2CA169A700E4D987 /* CodeFieldDemoController.swift */; };
		6D9D31BB2CA169A800E4D987 /* IconsDemoController.swift in Sources */ = {isa = PBXBuildFile; fileRef = 6D9D317C2CA169A700E4D987 /* IconsDemoController.swift */; };
		6D9D31BC2CA169A800E4D987 /* NestedScrollingDemoController.swift in Sources */ = {isa = PBXBuildFile; fileRef = 6D9D317D2CA169A700E4D987 /* NestedScrollingDemoController.swift */; };
		6D9D31BD2CA169A800E4D987 /* SketchDemoController.swift in Sources */ = {isa = PBXBuildFile; fileRef = 6D9D317E2CA169A700E4D987 /* SketchDemoController.swift */; };
		6D9D31BE2CA169A800E4D987 /* EmptyDemoController.swift in Sources */ = {isa = PBXBuildFile; fileRef = 6D9D317F2CA169A700E4D987 /* EmptyDemoController.swift */; };
		6D9D31BF2CA169A800E4D987 /* SegmentedPageDemoController.swift in Sources */ = {isa = PBXBuildFile; fileRef = 6D9D31802CA169A700E4D987 /* SegmentedPageDemoController.swift */; };
		6D9D31C02CA169A800E4D987 /* BadgeDemoController.swift in Sources */ = {isa = PBXBuildFile; fileRef = 6D9D31812CA169A700E4D987 /* BadgeDemoController.swift */; };
		6D9D31C12CA169A800E4D987 /* BarChartDemoController.swift in Sources */ = {isa = PBXBuildFile; fileRef = 6D9D31822CA169A700E4D987 /* BarChartDemoController.swift */; };
		6D9D31C22CA169A800E4D987 /* FilterSortActionDemoController.swift in Sources */ = {isa = PBXBuildFile; fileRef = 6D9D31832CA169A700E4D987 /* FilterSortActionDemoController.swift */; };
		6D9D31C32CA169A800E4D987 /* InputFieldDemoController.swift in Sources */ = {isa = PBXBuildFile; fileRef = 6D9D31842CA169A700E4D987 /* InputFieldDemoController.swift */; };
		6D9D31C42CA169A800E4D987 /* PageControlDemoController.swift in Sources */ = {isa = PBXBuildFile; fileRef = 6D9D31852CA169A700E4D987 /* PageControlDemoController.swift */; };
		6D9D31C52CA169A800E4D987 /* KeyboardManagerDemoController.swift in Sources */ = {isa = PBXBuildFile; fileRef = 6D9D31862CA169A700E4D987 /* KeyboardManagerDemoController.swift */; };
		6D9D31C62CA169A800E4D987 /* GridDemoController.swift in Sources */ = {isa = PBXBuildFile; fileRef = 6D9D31872CA169A700E4D987 /* GridDemoController.swift */; };
		6D9D31C72CA169A800E4D987 /* RichTextDemoController.swift in Sources */ = {isa = PBXBuildFile; fileRef = 6D9D31882CA169A700E4D987 /* RichTextDemoController.swift */; };
		6D9D31C82CA169A800E4D987 /* SegmentControlDemoController.swift in Sources */ = {isa = PBXBuildFile; fileRef = 6D9D31892CA169A700E4D987 /* SegmentControlDemoController.swift */; };
		6D9D31C92CA169A800E4D987 /* ListDemoController.swift in Sources */ = {isa = PBXBuildFile; fileRef = 6D9D318A2CA169A700E4D987 /* ListDemoController.swift */; };
		6D9D31CA2CA169A800E4D987 /* PersonaDemoController.swift in Sources */ = {isa = PBXBuildFile; fileRef = 6D9D318B2CA169A700E4D987 /* PersonaDemoController.swift */; };
		6D9D31CB2CA169A800E4D987 /* DrawerDemoController.swift in Sources */ = {isa = PBXBuildFile; fileRef = 6D9D318C2CA169A700E4D987 /* DrawerDemoController.swift */; };
		6D9D31CC2CA169A800E4D987 /* OptionControlDemoController.swift in Sources */ = {isa = PBXBuildFile; fileRef = 6D9D318D2CA169A700E4D987 /* OptionControlDemoController.swift */; };
		6D9D31CD2CA169A800E4D987 /* BackgroundDemoController.swift in Sources */ = {isa = PBXBuildFile; fileRef = 6D9D318E2CA169A700E4D987 /* BackgroundDemoController.swift */; };
		6D9D31CE2CA169A800E4D987 /* ActionBarDemoController.swift in Sources */ = {isa = PBXBuildFile; fileRef = 6D9D318F2CA169A700E4D987 /* ActionBarDemoController.swift */; };
		6D9D31CF2CA169A800E4D987 /* EntityListDemoController.swift in Sources */ = {isa = PBXBuildFile; fileRef = 6D9D31902CA169A700E4D987 /* EntityListDemoController.swift */; };
		6D9D31D02CA169A800E4D987 /* LinkedLabelDemoController.swift in Sources */ = {isa = PBXBuildFile; fileRef = 6D9D31912CA169A700E4D987 /* LinkedLabelDemoController.swift */; };
		6D9D31D12CA169A800E4D987 /* CarouselDemoController.swift in Sources */ = {isa = PBXBuildFile; fileRef = 6D9D31922CA169A700E4D987 /* CarouselDemoController.swift */; };
		6D9D31D22CA169A800E4D987 /* TooltipDemoController.swift in Sources */ = {isa = PBXBuildFile; fileRef = 6D9D31932CA169A700E4D987 /* TooltipDemoController.swift */; };
		6D9D31D32CA169A800E4D987 /* FormDemoController.swift in Sources */ = {isa = PBXBuildFile; fileRef = 6D9D31942CA169A700E4D987 /* FormDemoController.swift */; };
		6D9D31D42CA169A800E4D987 /* ToastDemoController.swift in Sources */ = {isa = PBXBuildFile; fileRef = 6D9D31952CA169A700E4D987 /* ToastDemoController.swift */; };
		6D9D31D52CA169A800E4D987 /* SeparatorDemoController.swift in Sources */ = {isa = PBXBuildFile; fileRef = 6D9D31962CA169A700E4D987 /* SeparatorDemoController.swift */; };
		6D9D31D62CA169A800E4D987 /* DatePickerDemoController.swift in Sources */ = {isa = PBXBuildFile; fileRef = 6D9D31972CA169A700E4D987 /* DatePickerDemoController.swift */; };
		6D9D31D72CA169A800E4D987 /* CountdownTimerDemoController.swift in Sources */ = {isa = PBXBuildFile; fileRef = 6D9D31982CA169A700E4D987 /* CountdownTimerDemoController.swift */; };
		6D9D31D82CA169A800E4D987 /* RangeSliderDemoController.swift in Sources */ = {isa = PBXBuildFile; fileRef = 6D9D31992CA169A700E4D987 /* RangeSliderDemoController.swift */; };
		6D9D31D92CA169A800E4D987 /* Assets.xcassets in Resources */ = {isa = PBXBuildFile; fileRef = 6D9D319A2CA169A700E4D987 /* Assets.xcassets */; };
		6D9D31DA2CA169A800E4D987 /* ChangeLog.swift in Sources */ = {isa = PBXBuildFile; fileRef = 6D9D319B2CA169A700E4D987 /* ChangeLog.swift */; };
		6D9D31DB2CA169A800E4D987 /* DemoController.swift in Sources */ = {isa = PBXBuildFile; fileRef = 6D9D319C2CA169A700E4D987 /* DemoController.swift */; };
		6D9D31DC2CA169A800E4D987 /* SceneDelegate.swift in Sources */ = {isa = PBXBuildFile; fileRef = 6D9D319D2CA169A700E4D987 /* SceneDelegate.swift */; };
		6D9D31DD2CA169A800E4D987 /* MainController.swift in Sources */ = {isa = PBXBuildFile; fileRef = 6D9D319E2CA169A800E4D987 /* MainController.swift */; };
		6D9D31DF2CA169A800E4D987 /* LaunchScreen.storyboard in Resources */ = {isa = PBXBuildFile; fileRef = 6D9D31A02CA169A800E4D987 /* LaunchScreen.storyboard */; };
		6D9D31E02CA169A800E4D987 /* SubviewArrangeableView.swift in Sources */ = {isa = PBXBuildFile; fileRef = 6D9D31A32CA169A800E4D987 /* SubviewArrangeableView.swift */; };
		6D9D31E12CA169A800E4D987 /* SubviewArrangeable.swift in Sources */ = {isa = PBXBuildFile; fileRef = 6D9D31A42CA169A800E4D987 /* SubviewArrangeable.swift */; };
		6D9D31E22CA169A800E4D987 /* GridView.swift in Sources */ = {isa = PBXBuildFile; fileRef = 6D9D31A52CA169A800E4D987 /* GridView.swift */; };
		6D9D31E32CA169A800E4D987 /* String+Random.swift in Sources */ = {isa = PBXBuildFile; fileRef = 6D9D31A72CA169A800E4D987 /* String+Random.swift */; };
		6D9D31E42CA169A800E4D987 /* URL+RandomImage.swift in Sources */ = {isa = PBXBuildFile; fileRef = 6D9D31A82CA169A800E4D987 /* URL+RandomImage.swift */; };
		6D9D31E52CA169A800E4D987 /* RandomGradientView.swift in Sources */ = {isa = PBXBuildFile; fileRef = 6D9D31A92CA169A800E4D987 /* RandomGradientView.swift */; };
		6D9D31E62CA169A800E4D987 /* AppDelegate.swift in Sources */ = {isa = PBXBuildFile; fileRef = 6D9D31AA2CA169A800E4D987 /* AppDelegate.swift */; };
		6DCD0D832CA16F9300538569 /* DemoMacro in Frameworks */ = {isa = PBXBuildFile; productRef = 6DCD0D822CA16F9300538569 /* DemoMacro */; };
		6DCD0D882CA1716800538569 /* DemoMacro in Frameworks */ = {isa = PBXBuildFile; productRef = 6DCD0D872CA1716800538569 /* DemoMacro */; };
		6DD80F8F2CEDCE4900B30FE4 /* DemoMacro in Frameworks */ = {isa = PBXBuildFile; productRef = 6DD80F8E2CEDCE4900B30FE4 /* DemoMacro */; };
		6DD80F922CEDCEAE00B30FE4 /* DemoMacro in Frameworks */ = {isa = PBXBuildFile; productRef = 6DD80F912CEDCEAE00B30FE4 /* DemoMacro */; };
		6DD80F952CEDCF2A00B30FE4 /* DemoMacro in Frameworks */ = {isa = PBXBuildFile; productRef = 6DD80F942CEDCF2A00B30FE4 /* DemoMacro */; };
		AA709108B70772F4590F097D /* Pods_llp_ui_iOS_Demo.framework in Frameworks */ = {isa = PBXBuildFile; fileRef = 2F3323C354BCA23590CF9BEE /* Pods_llp_ui_iOS_Demo.framework */; };
/* End PBXBuildFile section */

/* Begin PBXFileReference section */
		1796DE0D7979F9AA9E77D746 /* Pods-llp_ui_iOS-Demo.release.xcconfig */ = {isa = PBXFileReference; includeInIndex = 1; lastKnownFileType = text.xcconfig; name = "Pods-llp_ui_iOS-Demo.release.xcconfig"; path = "Target Support Files/Pods-llp_ui_iOS-Demo/Pods-llp_ui_iOS-Demo.release.xcconfig"; sourceTree = "<group>"; };
		2F3323C354BCA23590CF9BEE /* Pods_llp_ui_iOS_Demo.framework */ = {isa = PBXFileReference; explicitFileType = wrapper.framework; includeInIndex = 0; path = Pods_llp_ui_iOS_Demo.framework; sourceTree = BUILT_PRODUCTS_DIR; };
		6D9D316C2CA169A700E4D987 /* ColorPickerDemoController.swift */ = {isa = PBXFileReference; fileEncoding = 4; lastKnownFileType = sourcecode.swift; path = ColorPickerDemoController.swift; sourceTree = "<group>"; };
		6D9D316D2CA169A700E4D987 /* CoachmarkDemoController.swift */ = {isa = PBXFileReference; fileEncoding = 4; lastKnownFileType = sourcecode.swift; path = CoachmarkDemoController.swift; sourceTree = "<group>"; };
		6D9D316E2CA169A700E4D987 /* PopoverDemoController.swift */ = {isa = PBXFileReference; fileEncoding = 4; lastKnownFileType = sourcecode.swift; path = PopoverDemoController.swift; sourceTree = "<group>"; };
		6D9D316F2CA169A700E4D987 /* DropdownMenuDemoController.swift */ = {isa = PBXFileReference; fileEncoding = 4; lastKnownFileType = sourcecode.swift; path = DropdownMenuDemoController.swift; sourceTree = "<group>"; };
		6D9D31702CA169A700E4D987 /* SteppedProgressDemoController.swift */ = {isa = PBXFileReference; fileEncoding = 4; lastKnownFileType = sourcecode.swift; path = SteppedProgressDemoController.swift; sourceTree = "<group>"; };
		6D9D31712CA169A700E4D987 /* AvatarDemoController.swift */ = {isa = PBXFileReference; fileEncoding = 4; lastKnownFileType = sourcecode.swift; path = AvatarDemoController.swift; sourceTree = "<group>"; };
		6D9D31722CA169A700E4D987 /* MediaDemoController.swift */ = {isa = PBXFileReference; fileEncoding = 4; lastKnownFileType = sourcecode.swift; path = MediaDemoController.swift; sourceTree = "<group>"; };
		6D9D31732CA169A700E4D987 /* ButtonDemoController.swift */ = {isa = PBXFileReference; fileEncoding = 4; lastKnownFileType = sourcecode.swift; path = ButtonDemoController.swift; sourceTree = "<group>"; };
		6D9D31742CA169A700E4D987 /* PopupDemoController.swift */ = {isa = PBXFileReference; fileEncoding = 4; lastKnownFileType = sourcecode.swift; path = PopupDemoController.swift; sourceTree = "<group>"; };
		6D9D31752CA169A700E4D987 /* TripleImageDemoController.swift */ = {isa = PBXFileReference; fileEncoding = 4; lastKnownFileType = sourcecode.swift; path = TripleImageDemoController.swift; sourceTree = "<group>"; };
		6D9D31762CA169A700E4D987 /* ConfirmationDialogDemoController.swift */ = {isa = PBXFileReference; fileEncoding = 4; lastKnownFileType = sourcecode.swift; path = ConfirmationDialogDemoController.swift; sourceTree = "<group>"; };
		6D9D31772CA169A700E4D987 /* ActionSheetDemoController.swift */ = {isa = PBXFileReference; fileEncoding = 4; lastKnownFileType = sourcecode.swift; path = ActionSheetDemoController.swift; sourceTree = "<group>"; };
		6D9D31782CA169A700E4D987 /* OptionMenuDemoController.swift */ = {isa = PBXFileReference; fileEncoding = 4; lastKnownFileType = sourcecode.swift; path = OptionMenuDemoController.swift; sourceTree = "<group>"; };
		6D9D31792CA169A700E4D987 /* MessageInputBarDemoController.swift */ = {isa = PBXFileReference; fileEncoding = 4; lastKnownFileType = sourcecode.swift; path = MessageInputBarDemoController.swift; sourceTree = "<group>"; };
		6D9D317A2CA169A700E4D987 /* HUDDemoController.swift */ = {isa = PBXFileReference; fileEncoding = 4; lastKnownFileType = sourcecode.swift; path = HUDDemoController.swift; sourceTree = "<group>"; };
		6D9D317B2CA169A700E4D987 /* CodeFieldDemoController.swift */ = {isa = PBXFileReference; fileEncoding = 4; lastKnownFileType = sourcecode.swift; path = CodeFieldDemoController.swift; sourceTree = "<group>"; };
		6D9D317C2CA169A700E4D987 /* IconsDemoController.swift */ = {isa = PBXFileReference; fileEncoding = 4; lastKnownFileType = sourcecode.swift; path = IconsDemoController.swift; sourceTree = "<group>"; };
		6D9D317D2CA169A700E4D987 /* NestedScrollingDemoController.swift */ = {isa = PBXFileReference; fileEncoding = 4; lastKnownFileType = sourcecode.swift; path = NestedScrollingDemoController.swift; sourceTree = "<group>"; };
		6D9D317E2CA169A700E4D987 /* SketchDemoController.swift */ = {isa = PBXFileReference; fileEncoding = 4; lastKnownFileType = sourcecode.swift; path = SketchDemoController.swift; sourceTree = "<group>"; };
		6D9D317F2CA169A700E4D987 /* EmptyDemoController.swift */ = {isa = PBXFileReference; fileEncoding = 4; lastKnownFileType = sourcecode.swift; path = EmptyDemoController.swift; sourceTree = "<group>"; };
		6D9D31802CA169A700E4D987 /* SegmentedPageDemoController.swift */ = {isa = PBXFileReference; fileEncoding = 4; lastKnownFileType = sourcecode.swift; path = SegmentedPageDemoController.swift; sourceTree = "<group>"; };
		6D9D31812CA169A700E4D987 /* BadgeDemoController.swift */ = {isa = PBXFileReference; fileEncoding = 4; lastKnownFileType = sourcecode.swift; path = BadgeDemoController.swift; sourceTree = "<group>"; };
		6D9D31822CA169A700E4D987 /* BarChartDemoController.swift */ = {isa = PBXFileReference; fileEncoding = 4; lastKnownFileType = sourcecode.swift; path = BarChartDemoController.swift; sourceTree = "<group>"; };
		6D9D31832CA169A700E4D987 /* FilterSortActionDemoController.swift */ = {isa = PBXFileReference; fileEncoding = 4; lastKnownFileType = sourcecode.swift; path = FilterSortActionDemoController.swift; sourceTree = "<group>"; };
		6D9D31842CA169A700E4D987 /* InputFieldDemoController.swift */ = {isa = PBXFileReference; fileEncoding = 4; lastKnownFileType = sourcecode.swift; path = InputFieldDemoController.swift; sourceTree = "<group>"; };
		6D9D31852CA169A700E4D987 /* PageControlDemoController.swift */ = {isa = PBXFileReference; fileEncoding = 4; lastKnownFileType = sourcecode.swift; path = PageControlDemoController.swift; sourceTree = "<group>"; };
		6D9D31862CA169A700E4D987 /* KeyboardManagerDemoController.swift */ = {isa = PBXFileReference; fileEncoding = 4; lastKnownFileType = sourcecode.swift; path = KeyboardManagerDemoController.swift; sourceTree = "<group>"; };
		6D9D31872CA169A700E4D987 /* GridDemoController.swift */ = {isa = PBXFileReference; fileEncoding = 4; lastKnownFileType = sourcecode.swift; path = GridDemoController.swift; sourceTree = "<group>"; };
		6D9D31882CA169A700E4D987 /* RichTextDemoController.swift */ = {isa = PBXFileReference; fileEncoding = 4; lastKnownFileType = sourcecode.swift; path = RichTextDemoController.swift; sourceTree = "<group>"; };
		6D9D31892CA169A700E4D987 /* SegmentControlDemoController.swift */ = {isa = PBXFileReference; fileEncoding = 4; lastKnownFileType = sourcecode.swift; path = SegmentControlDemoController.swift; sourceTree = "<group>"; };
		6D9D318A2CA169A700E4D987 /* ListDemoController.swift */ = {isa = PBXFileReference; fileEncoding = 4; lastKnownFileType = sourcecode.swift; path = ListDemoController.swift; sourceTree = "<group>"; };
		6D9D318B2CA169A700E4D987 /* PersonaDemoController.swift */ = {isa = PBXFileReference; fileEncoding = 4; lastKnownFileType = sourcecode.swift; path = PersonaDemoController.swift; sourceTree = "<group>"; };
		6D9D318C2CA169A700E4D987 /* DrawerDemoController.swift */ = {isa = PBXFileReference; fileEncoding = 4; lastKnownFileType = sourcecode.swift; path = DrawerDemoController.swift; sourceTree = "<group>"; };
		6D9D318D2CA169A700E4D987 /* OptionControlDemoController.swift */ = {isa = PBXFileReference; fileEncoding = 4; lastKnownFileType = sourcecode.swift; path = OptionControlDemoController.swift; sourceTree = "<group>"; };
		6D9D318E2CA169A700E4D987 /* BackgroundDemoController.swift */ = {isa = PBXFileReference; fileEncoding = 4; lastKnownFileType = sourcecode.swift; path = BackgroundDemoController.swift; sourceTree = "<group>"; };
		6D9D318F2CA169A700E4D987 /* ActionBarDemoController.swift */ = {isa = PBXFileReference; fileEncoding = 4; lastKnownFileType = sourcecode.swift; path = ActionBarDemoController.swift; sourceTree = "<group>"; };
		6D9D31902CA169A700E4D987 /* EntityListDemoController.swift */ = {isa = PBXFileReference; fileEncoding = 4; lastKnownFileType = sourcecode.swift; path = EntityListDemoController.swift; sourceTree = "<group>"; };
		6D9D31912CA169A700E4D987 /* LinkedLabelDemoController.swift */ = {isa = PBXFileReference; fileEncoding = 4; lastKnownFileType = sourcecode.swift; path = LinkedLabelDemoController.swift; sourceTree = "<group>"; };
		6D9D31922CA169A700E4D987 /* CarouselDemoController.swift */ = {isa = PBXFileReference; fileEncoding = 4; lastKnownFileType = sourcecode.swift; path = CarouselDemoController.swift; sourceTree = "<group>"; };
		6D9D31932CA169A700E4D987 /* TooltipDemoController.swift */ = {isa = PBXFileReference; fileEncoding = 4; lastKnownFileType = sourcecode.swift; path = TooltipDemoController.swift; sourceTree = "<group>"; };
		6D9D31942CA169A700E4D987 /* FormDemoController.swift */ = {isa = PBXFileReference; fileEncoding = 4; lastKnownFileType = sourcecode.swift; path = FormDemoController.swift; sourceTree = "<group>"; };
		6D9D31952CA169A700E4D987 /* ToastDemoController.swift */ = {isa = PBXFileReference; fileEncoding = 4; lastKnownFileType = sourcecode.swift; path = ToastDemoController.swift; sourceTree = "<group>"; };
		6D9D31962CA169A700E4D987 /* SeparatorDemoController.swift */ = {isa = PBXFileReference; fileEncoding = 4; lastKnownFileType = sourcecode.swift; path = SeparatorDemoController.swift; sourceTree = "<group>"; };
		6D9D31972CA169A700E4D987 /* DatePickerDemoController.swift */ = {isa = PBXFileReference; fileEncoding = 4; lastKnownFileType = sourcecode.swift; path = DatePickerDemoController.swift; sourceTree = "<group>"; };
		6D9D31982CA169A700E4D987 /* CountdownTimerDemoController.swift */ = {isa = PBXFileReference; fileEncoding = 4; lastKnownFileType = sourcecode.swift; path = CountdownTimerDemoController.swift; sourceTree = "<group>"; };
		6D9D31992CA169A700E4D987 /* RangeSliderDemoController.swift */ = {isa = PBXFileReference; fileEncoding = 4; lastKnownFileType = sourcecode.swift; path = RangeSliderDemoController.swift; sourceTree = "<group>"; };
		6D9D319A2CA169A700E4D987 /* Assets.xcassets */ = {isa = PBXFileReference; lastKnownFileType = folder.assetcatalog; path = Assets.xcassets; sourceTree = "<group>"; };
		6D9D319B2CA169A700E4D987 /* ChangeLog.swift */ = {isa = PBXFileReference; fileEncoding = 4; lastKnownFileType = sourcecode.swift; path = ChangeLog.swift; sourceTree = "<group>"; };
		6D9D319C2CA169A700E4D987 /* DemoController.swift */ = {isa = PBXFileReference; fileEncoding = 4; lastKnownFileType = sourcecode.swift; path = DemoController.swift; sourceTree = "<group>"; };
		6D9D319D2CA169A700E4D987 /* SceneDelegate.swift */ = {isa = PBXFileReference; fileEncoding = 4; lastKnownFileType = sourcecode.swift; path = SceneDelegate.swift; sourceTree = "<group>"; };
		6D9D319E2CA169A800E4D987 /* MainController.swift */ = {isa = PBXFileReference; fileEncoding = 4; lastKnownFileType = sourcecode.swift; path = MainController.swift; sourceTree = "<group>"; };
		6D9D319F2CA169A800E4D987 /* Info.plist */ = {isa = PBXFileReference; fileEncoding = 4; lastKnownFileType = text.plist.xml; path = Info.plist; sourceTree = "<group>"; };
		6D9D31A02CA169A800E4D987 /* LaunchScreen.storyboard */ = {isa = PBXFileReference; fileEncoding = 4; lastKnownFileType = file.storyboard; path = LaunchScreen.storyboard; sourceTree = "<group>"; };
		6D9D31A32CA169A800E4D987 /* SubviewArrangeableView.swift */ = {isa = PBXFileReference; fileEncoding = 4; lastKnownFileType = sourcecode.swift; path = SubviewArrangeableView.swift; sourceTree = "<group>"; };
		6D9D31A42CA169A800E4D987 /* SubviewArrangeable.swift */ = {isa = PBXFileReference; fileEncoding = 4; lastKnownFileType = sourcecode.swift; path = SubviewArrangeable.swift; sourceTree = "<group>"; };
		6D9D31A52CA169A800E4D987 /* GridView.swift */ = {isa = PBXFileReference; fileEncoding = 4; lastKnownFileType = sourcecode.swift; path = GridView.swift; sourceTree = "<group>"; };
		6D9D31A72CA169A800E4D987 /* String+Random.swift */ = {isa = PBXFileReference; fileEncoding = 4; lastKnownFileType = sourcecode.swift; path = "String+Random.swift"; sourceTree = "<group>"; };
		6D9D31A82CA169A800E4D987 /* URL+RandomImage.swift */ = {isa = PBXFileReference; fileEncoding = 4; lastKnownFileType = sourcecode.swift; path = "URL+RandomImage.swift"; sourceTree = "<group>"; };
		6D9D31A92CA169A800E4D987 /* RandomGradientView.swift */ = {isa = PBXFileReference; fileEncoding = 4; lastKnownFileType = sourcecode.swift; path = RandomGradientView.swift; sourceTree = "<group>"; };
		6D9D31AA2CA169A800E4D987 /* AppDelegate.swift */ = {isa = PBXFileReference; fileEncoding = 4; lastKnownFileType = sourcecode.swift; path = AppDelegate.swift; sourceTree = "<group>"; };
		7F11A3DBE97DBA6915FD86C5 /* llp_ui_iOS-Demo.app */ = {isa = PBXFileReference; explicitFileType = wrapper.application; includeInIndex = 0; path = "llp_ui_iOS-Demo.app"; sourceTree = BUILT_PRODUCTS_DIR; };
		B74E2C89464C11555522C57C /* Pods-llp_ui_iOS-Demo.debug.xcconfig */ = {isa = PBXFileReference; includeInIndex = 1; lastKnownFileType = text.xcconfig; name = "Pods-llp_ui_iOS-Demo.debug.xcconfig"; path = "Target Support Files/Pods-llp_ui_iOS-Demo/Pods-llp_ui_iOS-Demo.debug.xcconfig"; sourceTree = "<group>"; };
/* End PBXFileReference section */

/* Begin PBXFrameworksBuildPhase section */
		98C6CCFA3ADEF1C7813CBF81 /* Frameworks */ = {
			isa = PBXFrameworksBuildPhase;
			buildActionMask = 2147483647;
			files = (
				6D2D86852CEDCCF80066D99B /* DemoMacro in Frameworks */,
				6DD80F8F2CEDCE4900B30FE4 /* DemoMacro in Frameworks */,
				6DD80F922CEDCEAE00B30FE4 /* DemoMacro in Frameworks */,
				6DD80F952CEDCF2A00B30FE4 /* DemoMacro in Frameworks */,
				6DCD0D832CA16F9300538569 /* DemoMacro in Frameworks */,
				AA709108B70772F4590F097D /* Pods_llp_ui_iOS_Demo.framework in Frameworks */,
				6DCD0D882CA1716800538569 /* DemoMacro in Frameworks */,
			);
			runOnlyForDeploymentPostprocessing = 0;
		};
/* End PBXFrameworksBuildPhase section */

/* Begin PBXGroup section */
		1D391A364DBC91650B7DF655 = {
			isa = PBXGroup;
			children = (
				46518AEA95CF5217152B8555 /* llp_ui_iOS-Demo */,
				DB3003190B767EE89FA6ABC1 /* Products */,
				558BBE7EEB359FACCAFEA6C1 /* Pods */,
				A8A82629E8C72F205D5EAAF2 /* Frameworks */,
			);
			sourceTree = "<group>";
		};
		46518AEA95CF5217152B8555 /* llp_ui_iOS-Demo */ = {
			isa = PBXGroup;
			children = (
				6D9D31AA2CA169A800E4D987 /* AppDelegate.swift */,
				6D9D319A2CA169A700E4D987 /* Assets.xcassets */,
				6D9D31A12CA169A800E4D987 /* Beta */,
				6D9D319B2CA169A700E4D987 /* ChangeLog.swift */,
				6D9D319C2CA169A700E4D987 /* DemoController.swift */,
				6D9D316B2CA169A700E4D987 /* Demos */,
				6D9D319F2CA169A800E4D987 /* Info.plist */,
				6D9D31A02CA169A800E4D987 /* LaunchScreen.storyboard */,
				6D9D319E2CA169A800E4D987 /* MainController.swift */,
				6D9D319D2CA169A700E4D987 /* SceneDelegate.swift */,
				6D9D31A62CA169A800E4D987 /* Utils */,
			);
			path = "llp_ui_iOS-Demo";
			sourceTree = "<group>";
		};
		558BBE7EEB359FACCAFEA6C1 /* Pods */ = {
			isa = PBXGroup;
			children = (
				B74E2C89464C11555522C57C /* Pods-llp_ui_iOS-Demo.debug.xcconfig */,
				1796DE0D7979F9AA9E77D746 /* Pods-llp_ui_iOS-Demo.release.xcconfig */,
			);
			path = Pods;
			sourceTree = "<group>";
		};
		6D9D316B2CA169A700E4D987 /* Demos */ = {
			isa = PBXGroup;
			children = (
				6D9D316C2CA169A700E4D987 /* ColorPickerDemoController.swift */,
				6D9D316D2CA169A700E4D987 /* CoachmarkDemoController.swift */,
				6D9D316E2CA169A700E4D987 /* PopoverDemoController.swift */,
				6D9D316F2CA169A700E4D987 /* DropdownMenuDemoController.swift */,
				6D9D31702CA169A700E4D987 /* SteppedProgressDemoController.swift */,
				6D9D31712CA169A700E4D987 /* AvatarDemoController.swift */,
				6D9D31722CA169A700E4D987 /* MediaDemoController.swift */,
				6D9D31732CA169A700E4D987 /* ButtonDemoController.swift */,
				6D9D31742CA169A700E4D987 /* PopupDemoController.swift */,
				6D9D31752CA169A700E4D987 /* TripleImageDemoController.swift */,
				6D9D31762CA169A700E4D987 /* ConfirmationDialogDemoController.swift */,
				6D9D31772CA169A700E4D987 /* ActionSheetDemoController.swift */,
				6D9D31782CA169A700E4D987 /* OptionMenuDemoController.swift */,
				6D9D31792CA169A700E4D987 /* MessageInputBarDemoController.swift */,
				6D9D317A2CA169A700E4D987 /* HUDDemoController.swift */,
				6D9D317B2CA169A700E4D987 /* CodeFieldDemoController.swift */,
				6D9D317C2CA169A700E4D987 /* IconsDemoController.swift */,
				6D9D317D2CA169A700E4D987 /* NestedScrollingDemoController.swift */,
				6D9D317E2CA169A700E4D987 /* SketchDemoController.swift */,
				6D9D317F2CA169A700E4D987 /* EmptyDemoController.swift */,
				6D9D31802CA169A700E4D987 /* SegmentedPageDemoController.swift */,
				6D9D31812CA169A700E4D987 /* BadgeDemoController.swift */,
				6D9D31822CA169A700E4D987 /* BarChartDemoController.swift */,
				6D9D31832CA169A700E4D987 /* FilterSortActionDemoController.swift */,
				6D9D31842CA169A700E4D987 /* InputFieldDemoController.swift */,
				6D9D31852CA169A700E4D987 /* PageControlDemoController.swift */,
				6D9D31862CA169A700E4D987 /* KeyboardManagerDemoController.swift */,
				6D9D31872CA169A700E4D987 /* GridDemoController.swift */,
				6D9D31882CA169A700E4D987 /* RichTextDemoController.swift */,
				6D9D31892CA169A700E4D987 /* SegmentControlDemoController.swift */,
				6D9D318A2CA169A700E4D987 /* ListDemoController.swift */,
				6D9D318B2CA169A700E4D987 /* PersonaDemoController.swift */,
				6D9D318C2CA169A700E4D987 /* DrawerDemoController.swift */,
				6D9D318D2CA169A700E4D987 /* OptionControlDemoController.swift */,
				6D9D318E2CA169A700E4D987 /* BackgroundDemoController.swift */,
				6D9D318F2CA169A700E4D987 /* ActionBarDemoController.swift */,
				6D9D31902CA169A700E4D987 /* EntityListDemoController.swift */,
				6D9D31912CA169A700E4D987 /* LinkedLabelDemoController.swift */,
				6D9D31922CA169A700E4D987 /* CarouselDemoController.swift */,
				6D9D31932CA169A700E4D987 /* TooltipDemoController.swift */,
				6D9D31942CA169A700E4D987 /* FormDemoController.swift */,
				6D9D31952CA169A700E4D987 /* ToastDemoController.swift */,
				6D9D31962CA169A700E4D987 /* SeparatorDemoController.swift */,
				6D9D31972CA169A700E4D987 /* DatePickerDemoController.swift */,
				6D9D31982CA169A700E4D987 /* CountdownTimerDemoController.swift */,
				6D9D31992CA169A700E4D987 /* RangeSliderDemoController.swift */,
			);
			path = Demos;
			sourceTree = "<group>";
		};
		6D9D31A12CA169A800E4D987 /* Beta */ = {
			isa = PBXGroup;
			children = (
				6D9D31A22CA169A800E4D987 /* Subview Arrangeable */,
			);
			path = Beta;
			sourceTree = "<group>";
		};
		6D9D31A22CA169A800E4D987 /* Subview Arrangeable */ = {
			isa = PBXGroup;
			children = (
				6D9D31A32CA169A800E4D987 /* SubviewArrangeableView.swift */,
				6D9D31A42CA169A800E4D987 /* SubviewArrangeable.swift */,
				6D9D31A52CA169A800E4D987 /* GridView.swift */,
			);
			path = "Subview Arrangeable";
			sourceTree = "<group>";
		};
		6D9D31A62CA169A800E4D987 /* Utils */ = {
			isa = PBXGroup;
			children = (
				6D9D31A72CA169A800E4D987 /* String+Random.swift */,
				6D9D31A82CA169A800E4D987 /* URL+RandomImage.swift */,
				6D9D31A92CA169A800E4D987 /* RandomGradientView.swift */,
			);
			path = Utils;
			sourceTree = "<group>";
		};
		A8A82629E8C72F205D5EAAF2 /* Frameworks */ = {
			isa = PBXGroup;
			children = (
				2F3323C354BCA23590CF9BEE /* Pods_llp_ui_iOS_Demo.framework */,
			);
			name = Frameworks;
			sourceTree = "<group>";
		};
		DB3003190B767EE89FA6ABC1 /* Products */ = {
			isa = PBXGroup;
			children = (
				7F11A3DBE97DBA6915FD86C5 /* llp_ui_iOS-Demo.app */,
			);
			name = Products;
			sourceTree = "<group>";
		};
/* End PBXGroup section */

/* Begin PBXNativeTarget section */
		795555FF4E92DF53056DD317 /* llp_ui_iOS-Demo */ = {
			isa = PBXNativeTarget;
			buildConfigurationList = C2488CB4534637D250A5F76D /* Build configuration list for PBXNativeTarget "llp_ui_iOS-Demo" */;
			buildPhases = (
				EFAB1A6D3FD18F1C17DCAA94 /* [CP] Check Pods Manifest.lock */,
				6364026FFC54E55B96C9C8D2 /* Sources */,
				35E5301655C98ECFC4F1098A /* Resources */,
				98C6CCFA3ADEF1C7813CBF81 /* Frameworks */,
				971F9F94B1336AA8CD9B26F0 /* [CP] Embed Pods Frameworks */,
			);
			buildRules = (
			);
			dependencies = (
			);
			name = "llp_ui_iOS-Demo";
			packageProductDependencies = (
				6DCD0D822CA16F9300538569 /* DemoMacro */,
				6DCD0D872CA1716800538569 /* DemoMacro */,
				6D2D86842CEDCCF80066D99B /* DemoMacro */,
				6DD80F8E2CEDCE4900B30FE4 /* DemoMacro */,
				6DD80F912CEDCEAE00B30FE4 /* DemoMacro */,
				6DD80F942CEDCF2A00B30FE4 /* DemoMacro */,
			);
			productName = "llp_ui_iOS-Demo";
			productReference = 7F11A3DBE97DBA6915FD86C5 /* llp_ui_iOS-Demo.app */;
			productType = "com.apple.product-type.application";
		};
/* End PBXNativeTarget section */

/* Begin PBXProject section */
		86F41D9D2596F25EC971E4BB /* Project object */ = {
			isa = PBXProject;
			attributes = {
				BuildIndependentTargetsInParallel = YES;
				LastUpgradeCheck = 1200;
				TargetAttributes = {
					795555FF4E92DF53056DD317 = {
						LastSwiftMigration = 1520;
					};
				};
			};
			buildConfigurationList = C8C65C40639644222F5A9625 /* Build configuration list for PBXProject "llp_ui_iOS-Demo" */;
			compatibilityVersion = "Xcode 11.0";
			developmentRegion = en;
			hasScannedForEncodings = 0;
			knownRegions = (
				Base,
				en,
			);
			mainGroup = 1D391A364DBC91650B7DF655;
			packageReferences = (
				6DD80F932CEDCF2A00B30FE4 /* XCLocalSwiftPackageReference "DemoMacro" */,
			);
			productRefGroup = DB3003190B767EE89FA6ABC1 /* Products */;
			projectDirPath = "";
			projectRoot = "";
			targets = (
				795555FF4E92DF53056DD317 /* llp_ui_iOS-Demo */,
			);
		};
/* End PBXProject section */

/* Begin PBXResourcesBuildPhase section */
		35E5301655C98ECFC4F1098A /* Resources */ = {
			isa = PBXResourcesBuildPhase;
			buildActionMask = 2147483647;
			files = (
				6D9D31DF2CA169A800E4D987 /* LaunchScreen.storyboard in Resources */,
				6D9D31D92CA169A800E4D987 /* Assets.xcassets in Resources */,
			);
			runOnlyForDeploymentPostprocessing = 0;
		};
/* End PBXResourcesBuildPhase section */

/* Begin PBXShellScriptBuildPhase section */
		971F9F94B1336AA8CD9B26F0 /* [CP] Embed Pods Frameworks */ = {
			isa = PBXShellScriptBuildPhase;
			buildActionMask = 2147483647;
			files = (
			);
			inputFileListPaths = (
				"${PODS_ROOT}/Target Support Files/Pods-llp_ui_iOS-Demo/Pods-llp_ui_iOS-Demo-frameworks-${CONFIGURATION}-input-files.xcfilelist",
			);
			name = "[CP] Embed Pods Frameworks";
			outputFileListPaths = (
				"${PODS_ROOT}/Target Support Files/Pods-llp_ui_iOS-Demo/Pods-llp_ui_iOS-Demo-frameworks-${CONFIGURATION}-output-files.xcfilelist",
			);
			runOnlyForDeploymentPostprocessing = 0;
			shellPath = /bin/sh;
			shellScript = "\"${PODS_ROOT}/Target Support Files/Pods-llp_ui_iOS-Demo/Pods-llp_ui_iOS-Demo-frameworks.sh\"\n";
			showEnvVarsInLog = 0;
		};
		EFAB1A6D3FD18F1C17DCAA94 /* [CP] Check Pods Manifest.lock */ = {
			isa = PBXShellScriptBuildPhase;
			buildActionMask = 2147483647;
			files = (
			);
			inputFileListPaths = (
			);
			inputPaths = (
				"${PODS_PODFILE_DIR_PATH}/Podfile.lock",
				"${PODS_ROOT}/Manifest.lock",
			);
			name = "[CP] Check Pods Manifest.lock";
			outputFileListPaths = (
			);
			outputPaths = (
				"$(DERIVED_FILE_DIR)/Pods-llp_ui_iOS-Demo-checkManifestLockResult.txt",
			);
			runOnlyForDeploymentPostprocessing = 0;
			shellPath = /bin/sh;
			shellScript = "diff \"${PODS_PODFILE_DIR_PATH}/Podfile.lock\" \"${PODS_ROOT}/Manifest.lock\" > /dev/null\nif [ $? != 0 ] ; then\n    # print error to STDERR\n    echo \"error: The sandbox is not in sync with the Podfile.lock. Run 'pod install' or update your CocoaPods installation.\" >&2\n    exit 1\nfi\n# This output is used by Xcode 'outputs' to avoid re-running this script phase.\necho \"SUCCESS\" > \"${SCRIPT_OUTPUT_FILE_0}\"\n";
			showEnvVarsInLog = 0;
		};
/* End PBXShellScriptBuildPhase section */

/* Begin PBXSourcesBuildPhase section */
		6364026FFC54E55B96C9C8D2 /* Sources */ = {
			isa = PBXSourcesBuildPhase;
			buildActionMask = 2147483647;
			files = (
				6D9D31BE2CA169A800E4D987 /* EmptyDemoController.swift in Sources */,
				6D9D31BA2CA169A800E4D987 /* CodeFieldDemoController.swift in Sources */,
				6D9D31BC2CA169A800E4D987 /* NestedScrollingDemoController.swift in Sources */,
				6D9D31CD2CA169A800E4D987 /* BackgroundDemoController.swift in Sources */,
				6D9D31D72CA169A800E4D987 /* CountdownTimerDemoController.swift in Sources */,
				6D9D31C52CA169A800E4D987 /* KeyboardManagerDemoController.swift in Sources */,
				6D9D31AE2CA169A800E4D987 /* DropdownMenuDemoController.swift in Sources */,
				6D9D31E42CA169A800E4D987 /* URL+RandomImage.swift in Sources */,
				6D9D31D02CA169A800E4D987 /* LinkedLabelDemoController.swift in Sources */,
				6D9D31C22CA169A800E4D987 /* FilterSortActionDemoController.swift in Sources */,
				6D9D31DA2CA169A800E4D987 /* ChangeLog.swift in Sources */,
				6D9D31B32CA169A800E4D987 /* PopupDemoController.swift in Sources */,
				6D9D31AF2CA169A800E4D987 /* SteppedProgressDemoController.swift in Sources */,
				6D9D31CB2CA169A800E4D987 /* DrawerDemoController.swift in Sources */,
				6D9D31B52CA169A800E4D987 /* ConfirmationDialogDemoController.swift in Sources */,
				6D9D31C92CA169A800E4D987 /* ListDemoController.swift in Sources */,
				6D9D31B22CA169A800E4D987 /* ButtonDemoController.swift in Sources */,
				6D9D31C62CA169A800E4D987 /* GridDemoController.swift in Sources */,
				6D9D31C12CA169A800E4D987 /* BarChartDemoController.swift in Sources */,
				6D9D31D82CA169A800E4D987 /* RangeSliderDemoController.swift in Sources */,
				6D9D31B12CA169A800E4D987 /* MediaDemoController.swift in Sources */,
				6D9D31E62CA169A800E4D987 /* AppDelegate.swift in Sources */,
				6D9D31E52CA169A800E4D987 /* RandomGradientView.swift in Sources */,
				6D9D31E12CA169A800E4D987 /* SubviewArrangeable.swift in Sources */,
				6D9D31B92CA169A800E4D987 /* HUDDemoController.swift in Sources */,
				6D9D31D62CA169A800E4D987 /* DatePickerDemoController.swift in Sources */,
				6D9D31BB2CA169A800E4D987 /* IconsDemoController.swift in Sources */,
				6D9D31B62CA169A800E4D987 /* ActionSheetDemoController.swift in Sources */,
				6D9D31DB2CA169A800E4D987 /* DemoController.swift in Sources */,
				6D9D31AC2CA169A800E4D987 /* CoachmarkDemoController.swift in Sources */,
				6D9D31E22CA169A800E4D987 /* GridView.swift in Sources */,
				6D9D31D52CA169A800E4D987 /* SeparatorDemoController.swift in Sources */,
				6D9D31CE2CA169A800E4D987 /* ActionBarDemoController.swift in Sources */,
				6D9D31C42CA169A800E4D987 /* PageControlDemoController.swift in Sources */,
				6D9D31C32CA169A800E4D987 /* InputFieldDemoController.swift in Sources */,
				6D9D31B72CA169A800E4D987 /* OptionMenuDemoController.swift in Sources */,
				6D9D31C72CA169A800E4D987 /* RichTextDemoController.swift in Sources */,
				6D9D31E02CA169A800E4D987 /* SubviewArrangeableView.swift in Sources */,
				6D9D31D22CA169A800E4D987 /* TooltipDemoController.swift in Sources */,
				6D9D31AD2CA169A800E4D987 /* PopoverDemoController.swift in Sources */,
				6D9D31D32CA169A800E4D987 /* FormDemoController.swift in Sources */,
				6D9D31D12CA169A800E4D987 /* CarouselDemoController.swift in Sources */,
				6D9D31DC2CA169A800E4D987 /* SceneDelegate.swift in Sources */,
				6D9D31CA2CA169A800E4D987 /* PersonaDemoController.swift in Sources */,
				6D9D31AB2CA169A800E4D987 /* ColorPickerDemoController.swift in Sources */,
				6D9D31C02CA169A800E4D987 /* BadgeDemoController.swift in Sources */,
				6D9D31CC2CA169A800E4D987 /* OptionControlDemoController.swift in Sources */,
				6D9D31B42CA169A800E4D987 /* TripleImageDemoController.swift in Sources */,
				6D9D31E32CA169A800E4D987 /* String+Random.swift in Sources */,
				6D9D31B02CA169A800E4D987 /* AvatarDemoController.swift in Sources */,
				6D9D31D42CA169A800E4D987 /* ToastDemoController.swift in Sources */,
				6D9D31DD2CA169A800E4D987 /* MainController.swift in Sources */,
				6D9D31BD2CA169A800E4D987 /* SketchDemoController.swift in Sources */,
				6D9D31BF2CA169A800E4D987 /* SegmentedPageDemoController.swift in Sources */,
				6D9D31C82CA169A800E4D987 /* SegmentControlDemoController.swift in Sources */,
				6D9D31B82CA169A800E4D987 /* MessageInputBarDemoController.swift in Sources */,
				6D9D31CF2CA169A800E4D987 /* EntityListDemoController.swift in Sources */,
			);
			runOnlyForDeploymentPostprocessing = 0;
		};
/* End PBXSourcesBuildPhase section */

/* Begin XCBuildConfiguration section */
		49E019696C7427F5FD3B0D4F /* Release */ = {
			isa = XCBuildConfiguration;
			baseConfigurationReference = 1796DE0D7979F9AA9E77D746 /* Pods-llp_ui_iOS-Demo.release.xcconfig */;
			buildSettings = {
				ASSETCATALOG_COMPILER_APPICON_NAME = AppIcon;
				CLANG_ENABLE_MODULES = YES;
				CODE_SIGN_IDENTITY = "iPhone Developer";
				DEVELOPMENT_TEAM = 3N577SK5F9;
				"EXCLUDED_ARCHS[sdk=iphonesimulator*]" = arm64;
				INFOPLIST_FILE = "llp_ui_iOS-Demo/Info.plist";
				INFOPLIST_KEY_UIApplicationSupportsIndirectInputEvents = YES;
				INFOPLIST_KEY_UILaunchStoryboardName = LaunchScreen;
				INFOPLIST_KEY_UISupportedInterfaceOrientations_iPad = "";
				LD_RUNPATH_SEARCH_PATHS = (
					"$(inherited)",
					"@executable_path/Frameworks",
				);
				OTHER_LDFLAGS = "$(inherited)";
				PRODUCT_BUNDLE_IDENTIFIER = "com.nd.sdp.component.llp_ui_iOS-Demo";
				SDKROOT = iphoneos;
				SWIFT_VERSION = 5.0;
				TARGETED_DEVICE_FAMILY = "1,2";
			};
			name = Release;
		};
		9E7054BF93FE43CE195777BF /* Release */ = {
			isa = XCBuildConfiguration;
			buildSettings = {
				ALWAYS_SEARCH_USER_PATHS = NO;
				CLANG_ANALYZER_NONNULL = YES;
				CLANG_ANALYZER_NUMBER_OBJECT_CONVERSION = YES_AGGRESSIVE;
				CLANG_CXX_LANGUAGE_STANDARD = "gnu++14";
				CLANG_CXX_LIBRARY = "libc++";
				CLANG_ENABLE_MODULES = YES;
				CLANG_ENABLE_OBJC_ARC = YES;
				CLANG_ENABLE_OBJC_WEAK = YES;
				CLANG_WARN_BLOCK_CAPTURE_AUTORELEASING = YES;
				CLANG_WARN_BOOL_CONVERSION = YES;
				CLANG_WARN_COMMA = YES;
				CLANG_WARN_CONSTANT_CONVERSION = YES;
				CLANG_WARN_DEPRECATED_OBJC_IMPLEMENTATIONS = YES;
				CLANG_WARN_DIRECT_OBJC_ISA_USAGE = YES_ERROR;
				CLANG_WARN_DOCUMENTATION_COMMENTS = YES;
				CLANG_WARN_EMPTY_BODY = YES;
				CLANG_WARN_ENUM_CONVERSION = YES;
				CLANG_WARN_INFINITE_RECURSION = YES;
				CLANG_WARN_INT_CONVERSION = YES;
				CLANG_WARN_NON_LITERAL_NULL_CONVERSION = YES;
				CLANG_WARN_OBJC_IMPLICIT_RETAIN_SELF = YES;
				CLANG_WARN_OBJC_LITERAL_CONVERSION = YES;
				CLANG_WARN_OBJC_ROOT_CLASS = YES_ERROR;
				CLANG_WARN_QUOTED_INCLUDE_IN_FRAMEWORK_HEADER = YES;
				CLANG_WARN_RANGE_LOOP_ANALYSIS = YES;
				CLANG_WARN_STRICT_PROTOTYPES = YES;
				CLANG_WARN_SUSPICIOUS_MOVE = YES;
				CLANG_WARN_UNGUARDED_AVAILABILITY = YES_AGGRESSIVE;
				CLANG_WARN_UNREACHABLE_CODE = YES;
				CLANG_WARN__DUPLICATE_METHOD_MATCH = YES;
				COPY_PHASE_STRIP = NO;
				DEBUG_INFORMATION_FORMAT = "dwarf-with-dsym";
				ENABLE_NS_ASSERTIONS = NO;
				ENABLE_STRICT_OBJC_MSGSEND = YES;
				GCC_C_LANGUAGE_STANDARD = gnu11;
				GCC_NO_COMMON_BLOCKS = YES;
				GCC_WARN_64_TO_32_BIT_CONVERSION = YES;
				GCC_WARN_ABOUT_RETURN_TYPE = YES_ERROR;
				GCC_WARN_UNDECLARED_SELECTOR = YES;
				GCC_WARN_UNINITIALIZED_AUTOS = YES_AGGRESSIVE;
				GCC_WARN_UNUSED_FUNCTION = YES;
				GCC_WARN_UNUSED_VARIABLE = YES;
				IPHONEOS_DEPLOYMENT_TARGET = 13.0;
				MTL_ENABLE_DEBUG_INFO = NO;
				MTL_FAST_MATH = YES;
				OTHER_LDFLAGS = "-ld_classic";
				PRODUCT_NAME = "$(TARGET_NAME)";
				SDKROOT = iphoneos;
				SWIFT_COMPILATION_MODE = wholemodule;
				SWIFT_OPTIMIZATION_LEVEL = "-O";
				SWIFT_VERSION = 5.0;
			};
			name = Release;
		};
		AFAE64B3A84591687B8326E3 /* Debug */ = {
			isa = XCBuildConfiguration;
			buildSettings = {
				ALWAYS_SEARCH_USER_PATHS = NO;
				CLANG_ANALYZER_NONNULL = YES;
				CLANG_ANALYZER_NUMBER_OBJECT_CONVERSION = YES_AGGRESSIVE;
				CLANG_CXX_LANGUAGE_STANDARD = "gnu++14";
				CLANG_CXX_LIBRARY = "libc++";
				CLANG_ENABLE_MODULES = YES;
				CLANG_ENABLE_OBJC_ARC = YES;
				CLANG_ENABLE_OBJC_WEAK = YES;
				CLANG_WARN_BLOCK_CAPTURE_AUTORELEASING = YES;
				CLANG_WARN_BOOL_CONVERSION = YES;
				CLANG_WARN_COMMA = YES;
				CLANG_WARN_CONSTANT_CONVERSION = YES;
				CLANG_WARN_DEPRECATED_OBJC_IMPLEMENTATIONS = YES;
				CLANG_WARN_DIRECT_OBJC_ISA_USAGE = YES_ERROR;
				CLANG_WARN_DOCUMENTATION_COMMENTS = YES;
				CLANG_WARN_EMPTY_BODY = YES;
				CLANG_WARN_ENUM_CONVERSION = YES;
				CLANG_WARN_INFINITE_RECURSION = YES;
				CLANG_WARN_INT_CONVERSION = YES;
				CLANG_WARN_NON_LITERAL_NULL_CONVERSION = YES;
				CLANG_WARN_OBJC_IMPLICIT_RETAIN_SELF = YES;
				CLANG_WARN_OBJC_LITERAL_CONVERSION = YES;
				CLANG_WARN_OBJC_ROOT_CLASS = YES_ERROR;
				CLANG_WARN_QUOTED_INCLUDE_IN_FRAMEWORK_HEADER = YES;
				CLANG_WARN_RANGE_LOOP_ANALYSIS = YES;
				CLANG_WARN_STRICT_PROTOTYPES = YES;
				CLANG_WARN_SUSPICIOUS_MOVE = YES;
				CLANG_WARN_UNGUARDED_AVAILABILITY = YES_AGGRESSIVE;
				CLANG_WARN_UNREACHABLE_CODE = YES;
				CLANG_WARN__DUPLICATE_METHOD_MATCH = YES;
				COPY_PHASE_STRIP = NO;
				DEBUG_INFORMATION_FORMAT = dwarf;
				ENABLE_STRICT_OBJC_MSGSEND = YES;
				ENABLE_TESTABILITY = YES;
				GCC_C_LANGUAGE_STANDARD = gnu11;
				GCC_DYNAMIC_NO_PIC = NO;
				GCC_NO_COMMON_BLOCKS = YES;
				GCC_OPTIMIZATION_LEVEL = 0;
				GCC_PREPROCESSOR_DEFINITIONS = (
					"$(inherited)",
					"DEBUG=1",
				);
				GCC_WARN_64_TO_32_BIT_CONVERSION = YES;
				GCC_WARN_ABOUT_RETURN_TYPE = YES_ERROR;
				GCC_WARN_UNDECLARED_SELECTOR = YES;
				GCC_WARN_UNINITIALIZED_AUTOS = YES_AGGRESSIVE;
				GCC_WARN_UNUSED_FUNCTION = YES;
				GCC_WARN_UNUSED_VARIABLE = YES;
				IPHONEOS_DEPLOYMENT_TARGET = 13.0;
				MTL_ENABLE_DEBUG_INFO = INCLUDE_SOURCE;
				MTL_FAST_MATH = YES;
				ONLY_ACTIVE_ARCH = YES;
				OTHER_LDFLAGS = "-ld_classic";
				PRODUCT_NAME = "$(TARGET_NAME)";
				SDKROOT = iphoneos;
				SWIFT_ACTIVE_COMPILATION_CONDITIONS = DEBUG;
				SWIFT_OPTIMIZATION_LEVEL = "-Onone";
				SWIFT_VERSION = 5.0;
			};
			name = Debug;
		};
		CF5F155D8E7E6A2A733156C1 /* Debug */ = {
			isa = XCBuildConfiguration;
			baseConfigurationReference = B74E2C89464C11555522C57C /* Pods-llp_ui_iOS-Demo.debug.xcconfig */;
			buildSettings = {
				ASSETCATALOG_COMPILER_APPICON_NAME = AppIcon;
				CLANG_ENABLE_MODULES = YES;
				CODE_SIGN_IDENTITY = "iPhone Developer";
				DEVELOPMENT_TEAM = 3N577SK5F9;
				"EXCLUDED_ARCHS[sdk=iphonesimulator*]" = arm64;
				INFOPLIST_FILE = "llp_ui_iOS-Demo/Info.plist";
				INFOPLIST_KEY_UIApplicationSupportsIndirectInputEvents = YES;
				INFOPLIST_KEY_UILaunchStoryboardName = LaunchScreen;
				INFOPLIST_KEY_UISupportedInterfaceOrientations_iPad = "";
				LD_RUNPATH_SEARCH_PATHS = (
					"$(inherited)",
					"@executable_path/Frameworks",
				);
				OTHER_LDFLAGS = "$(inherited)";
				PRODUCT_BUNDLE_IDENTIFIER = "com.nd.sdp.component.llp_ui_iOS-Demo";
				SDKROOT = iphoneos;
				SWIFT_OPTIMIZATION_LEVEL = "-Onone";
				SWIFT_VERSION = 5.0;
				TARGETED_DEVICE_FAMILY = "1,2";
			};
			name = Debug;
		};
/* End XCBuildConfiguration section */

/* Begin XCConfigurationList section */
		C2488CB4534637D250A5F76D /* Build configuration list for PBXNativeTarget "llp_ui_iOS-Demo" */ = {
			isa = XCConfigurationList;
			buildConfigurations = (
				CF5F155D8E7E6A2A733156C1 /* Debug */,
				49E019696C7427F5FD3B0D4F /* Release */,
			);
			defaultConfigurationIsVisible = 0;
			defaultConfigurationName = Debug;
		};
		C8C65C40639644222F5A9625 /* Build configuration list for PBXProject "llp_ui_iOS-Demo" */ = {
			isa = XCConfigurationList;
			buildConfigurations = (
				AFAE64B3A84591687B8326E3 /* Debug */,
				9E7054BF93FE43CE195777BF /* Release */,
			);
			defaultConfigurationIsVisible = 0;
			defaultConfigurationName = Debug;
		};
/* End XCConfigurationList section */

/* Begin XCLocalSwiftPackageReference section */
		6DD80F932CEDCF2A00B30FE4 /* XCLocalSwiftPackageReference "DemoMacro" */ = {
			isa = XCLocalSwiftPackageReference;
			relativePath = DemoMacro;
		};
/* End XCLocalSwiftPackageReference section */

/* Begin XCSwiftPackageProductDependency section */
		6D2D86842CEDCCF80066D99B /* DemoMacro */ = {
			isa = XCSwiftPackageProductDependency;
			productName = DemoMacro;
		};
		6DCD0D822CA16F9300538569 /* DemoMacro */ = {
			isa = XCSwiftPackageProductDependency;
			productName = DemoMacro;
		};
		6DCD0D872CA1716800538569 /* DemoMacro */ = {
			isa = XCSwiftPackageProductDependency;
			productName = DemoMacro;
		};
		6DD80F8E2CEDCE4900B30FE4 /* DemoMacro */ = {
			isa = XCSwiftPackageProductDependency;
			productName = DemoMacro;
		};
		6DD80F912CEDCEAE00B30FE4 /* DemoMacro */ = {
			isa = XCSwiftPackageProductDependency;
			productName = DemoMacro;
		};
		6DD80F942CEDCF2A00B30FE4 /* DemoMacro */ = {
			isa = XCSwiftPackageProductDependency;
			productName = DemoMacro;
		};
/* End XCSwiftPackageProductDependency section */
	};
	rootObject = 86F41D9D2596F25EC971E4BB /* Project object */;
}
